
Microsoft Visual Studio Solution File, Format Version 12.00
# Visual Studio Version 16
VisualStudioVersion = 16.0.29905.134
MinimumVisualStudioVersion = 10.0.40219.1
Project("{9A19103F-16F7-4668-BE54-9A1E7A4F7556}") = "Autenticacao.Exemplo", "Autenticacao.Exemplo\Autenticacao.Exemplo.csproj", "{59838AE4-AED3-4002-82C9-5DA965CE03C5}"
EndProject
Project("{FAE04EC0-301F-11D3-BF4B-00C04F79EFBC}") = "Autenticacao.Exemplo.Testes", "Autenticacao.Exemplo.Testes\Autenticacao.Exemplo.Testes.csproj", "{75BE75C9-E0E6-4635-BCE3-B53AEC0B864D}"
EndProject
Global
	GlobalSection(SolutionConfigurationPlatforms) = preSolution
		Debug|Any CPU = Debug|Any CPU
		Release|Any CPU = Release|Any CPU
	EndGlobalSection
	GlobalSection(ProjectConfigurationPlatforms) = postSolution
		{59838AE4-AED3-4002-82C9-5DA965CE03C5}.Debug|Any CPU.ActiveCfg = Debug|Any CPU
		{59838AE4-AED3-4002-82C9-5DA965CE03C5}.Debug|Any CPU.Build.0 = Debug|Any CPU
		{59838AE4-AED3-4002-82C9-5DA965CE03C5}.Release|Any CPU.ActiveCfg = Release|Any CPU
		{59838AE4-AED3-4002-82C9-5DA965CE03C5}.Release|Any CPU.Build.0 = Release|Any CPU
		{75BE75C9-E0E6-4635-BCE3-B53AEC0B864D}.Debug|Any CPU.ActiveCfg = Debug|Any CPU
		{75BE75C9-E0E6-4635-BCE3-B53AEC0B864D}.Debug|Any CPU.Build.0 = Debug|Any CPU
		{75BE75C9-E0E6-4635-BCE3-B53AEC0B864D}.Release|Any CPU.ActiveCfg = Release|Any CPU
		{75BE75C9-E0E6-4635-BCE3-B53AEC0B864D}.Release|Any CPU.Build.0 = Release|Any CPU
	EndGlobalSection
	GlobalSection(SolutionProperties) = preSolution
		HideSolutionNode = FALSE
	EndGlobalSection
	GlobalSection(ExtensibilityGlobals) = postSolution
		SolutionGuid = {F56E6CFE-F8F1-4C7C-80BC-1B76D51F32AD}
	EndGlobalSection
EndGlobal
